
Microsoft Visual Studio Solution File, Format Version 12.00
# Visual Studio Version 16
VisualStudioVersion = 16.0.31005.135
MinimumVisualStudioVersion = 10.0.40219.1
Project("{FAE04EC0-301F-11D3-BF4B-00C04F79EFBC}") = "Api_Teste_Aprendizado", "Api_Teste_Aprendizado.csproj", "{1029372C-7AE9-4AD3-8CAD-565AC287DAD7}"
EndProject
Global
	GlobalSection(SolutionConfigurationPlatforms) = preSolution
		Debug|Any CPU = Debug|Any CPU
		Release|Any CPU = Release|Any CPU
	EndGlobalSection
	GlobalSection(ProjectConfigurationPlatforms) = postSolution
		{1029372C-7AE9-4AD3-8CAD-565AC287DAD7}.Debug|Any CPU.ActiveCfg = Debug|Any CPU
		{1029372C-7AE9-4AD3-8CAD-565AC287DAD7}.Debug|Any CPU.Build.0 = Debug|Any CPU
		{1029372C-7AE9-4AD3-8CAD-565AC287DAD7}.Release|Any CPU.ActiveCfg = Release|Any CPU
		{1029372C-7AE9-4AD3-8CAD-565AC287DAD7}.Release|Any CPU.Build.0 = Release|Any CPU
	EndGlobalSection
	GlobalSection(SolutionProperties) = preSolution
		HideSolutionNode = FALSE
	EndGlobalSection
	GlobalSection(ExtensibilityGlobals) = postSolution
		SolutionGuid = {31726526-814C-48C0-BB40-F9B3C1177633}
	EndGlobalSection
EndGlobal
